
Microsoft Visual Studio Solution File, Format Version 12.00
# Visual Studio 15
VisualStudioVersion = 15.0.26430.16
MinimumVisualStudioVersion = 10.0.40219.1
Project("{FAE04EC0-301F-11D3-BF4B-00C04F79EFBC}") = "Assignment1", "Assignment1\Assignment1.csproj", "{8D03390A-F895-465C-898E-8F4B93D7CBE0}"
EndProject
Project("{FAE04EC0-301F-11D3-BF4B-00C04F79EFBC}") = "Assignment1.Tests", "Assignment1.Tests\Assignment1.Tests.csproj", "{D037013F-8424-4665-9281-8C8E12E354A5}"
EndProject
Global
	GlobalSection(SolutionConfigurationPlatforms) = preSolution
		Debug|Any CPU = Debug|Any CPU
		Release|Any CPU = Release|Any CPU
	EndGlobalSection
	GlobalSection(ProjectConfigurationPlatforms) = postSolution
		{8D03390A-F895-465C-898E-8F4B93D7CBE0}.Debug|Any CPU.ActiveCfg = Debug|Any CPU
		{8D03390A-F895-465C-898E-8F4B93D7CBE0}.Debug|Any CPU.Build.0 = Debug|Any CPU
		{8D03390A-F895-465C-898E-8F4B93D7CBE0}.Release|Any CPU.ActiveCfg = Release|Any CPU
		{8D03390A-F895-465C-898E-8F4B93D7CBE0}.Release|Any CPU.Build.0 = Release|Any CPU
		{D037013F-8424-4665-9281-8C8E12E354A5}.Debug|Any CPU.ActiveCfg = Debug|Any CPU
		{D037013F-8424-4665-9281-8C8E12E354A5}.Debug|Any CPU.Build.0 = Debug|Any CPU
		{D037013F-8424-4665-9281-8C8E12E354A5}.Release|Any CPU.ActiveCfg = Release|Any CPU
		{D037013F-8424-4665-9281-8C8E12E354A5}.Release|Any CPU.Build.0 = Release|Any CPU
	EndGlobalSection
	GlobalSection(SolutionProperties) = preSolution
		HideSolutionNode = FALSE
	EndGlobalSection
EndGlobal
