
Microsoft Visual Studio Solution File, Format Version 12.00
# Visual Studio 14
VisualStudioVersion = 14.0.23107.0
MinimumVisualStudioVersion = 10.0.40219.1
Project("{2150E333-8FDC-42A3-9474-1A3956D46DE8}") = "Solution Items", "Solution Items", "{15CE227D-DC59-4BB6-9DAE-BCFBBD5C8E23}"
	ProjectSection(SolutionItems) = preProject
		global.json = global.json
	EndProjectSection
EndProject
Project("{FAE04EC0-301F-11D3-BF4B-00C04F79EFBC}") = "UTS.ScheduleSystem.web", "UTS.ScheduleSystem.web\UTS.ScheduleSystem.web.csproj", "{CE51770D-B25F-4C71-8F3B-4FD696FA2FBF}"
EndProject
Project("{FAE04EC0-301F-11D3-BF4B-00C04F79EFBC}") = "UTS.ScheduleSystem.MainLogic", "UTS.ScheduleSystem.MainLogic\UTS.ScheduleSystem.MainLogic.csproj", "{55BE9C1E-B8A9-4AAD-8C16-07D12E120878}"
EndProject
Global
	GlobalSection(SolutionConfigurationPlatforms) = preSolution
		Debug|Any CPU = Debug|Any CPU
		Release|Any CPU = Release|Any CPU
	EndGlobalSection
	GlobalSection(ProjectConfigurationPlatforms) = postSolution
		{CE51770D-B25F-4C71-8F3B-4FD696FA2FBF}.Debug|Any CPU.ActiveCfg = Debug|Any CPU
		{CE51770D-B25F-4C71-8F3B-4FD696FA2FBF}.Debug|Any CPU.Build.0 = Debug|Any CPU
		{CE51770D-B25F-4C71-8F3B-4FD696FA2FBF}.Release|Any CPU.ActiveCfg = Release|Any CPU
		{CE51770D-B25F-4C71-8F3B-4FD696FA2FBF}.Release|Any CPU.Build.0 = Release|Any CPU
		{55BE9C1E-B8A9-4AAD-8C16-07D12E120878}.Debug|Any CPU.ActiveCfg = Debug|Any CPU
		{55BE9C1E-B8A9-4AAD-8C16-07D12E120878}.Debug|Any CPU.Build.0 = Debug|Any CPU
		{55BE9C1E-B8A9-4AAD-8C16-07D12E120878}.Release|Any CPU.ActiveCfg = Release|Any CPU
		{55BE9C1E-B8A9-4AAD-8C16-07D12E120878}.Release|Any CPU.Build.0 = Release|Any CPU
	EndGlobalSection
	GlobalSection(SolutionProperties) = preSolution
		HideSolutionNode = FALSE
	EndGlobalSection
EndGlobal
