
Microsoft Visual Studio Solution File, Format Version 12.00
# Visual Studio 15
VisualStudioVersion = 15.0.27428.2011
MinimumVisualStudioVersion = 10.0.40219.1
Project("{2150E333-8FDC-42A3-9474-1A3956D46DE8}") = "Solution Items", "Solution Items", "{15CE227D-DC59-4BB6-9DAE-BCFBBD5C8E23}"
	ProjectSection(SolutionItems) = preProject
		global.json = global.json
	EndProjectSection
EndProject
Project("{FAE04EC0-301F-11D3-BF4B-00C04F79EFBC}") = "UTS.ScheduleSystem.MainLogic", "UTS.ScheduleSystem.MainLogic\UTS.ScheduleSystem.MainLogic.csproj", "{55BE9C1E-B8A9-4AAD-8C16-07D12E120878}"
EndProject
Project("{FAE04EC0-301F-11D3-BF4B-00C04F79EFBC}") = "UTS.ScheduleSystem.UnitTesting", "UTS.ScheduleSystem.UnitTesting\UTS.ScheduleSystem.UnitTesting.csproj", "{5DF83E4F-08F1-42B6-82B6-3BB0327C9805}"
	ProjectSection(ProjectDependencies) = postProject
		{A1CC7AA4-9723-4257-98F4-8F5EE299A818} = {A1CC7AA4-9723-4257-98F4-8F5EE299A818}
	EndProjectSection
EndProject
Project("{FAE04EC0-301F-11D3-BF4B-00C04F79EFBC}") = "UTS.ScheduleSystem.Web", "UTS.ScheduleSystem.Web\UTS.ScheduleSystem.Web.csproj", "{A0DC9F22-DF6B-48A7-9844-73F492C889CE}"
EndProject
Project("{FAE04EC0-301F-11D3-BF4B-00C04F79EFBC}") = "UTS.ScheduleSystem.Data", "UTS.ScheduleSystem.Data\UTS.ScheduleSystem.Data.csproj", "{A1CC7AA4-9723-4257-98F4-8F5EE299A818}"
EndProject
Global
	GlobalSection(SolutionConfigurationPlatforms) = preSolution
		Debug|Any CPU = Debug|Any CPU
		Release|Any CPU = Release|Any CPU
	EndGlobalSection
	GlobalSection(ProjectConfigurationPlatforms) = postSolution
		{55BE9C1E-B8A9-4AAD-8C16-07D12E120878}.Debug|Any CPU.ActiveCfg = Debug|Any CPU
		{55BE9C1E-B8A9-4AAD-8C16-07D12E120878}.Debug|Any CPU.Build.0 = Debug|Any CPU
		{55BE9C1E-B8A9-4AAD-8C16-07D12E120878}.Release|Any CPU.ActiveCfg = Release|Any CPU
		{55BE9C1E-B8A9-4AAD-8C16-07D12E120878}.Release|Any CPU.Build.0 = Release|Any CPU
		{5DF83E4F-08F1-42B6-82B6-3BB0327C9805}.Debug|Any CPU.ActiveCfg = Debug|Any CPU
		{5DF83E4F-08F1-42B6-82B6-3BB0327C9805}.Debug|Any CPU.Build.0 = Debug|Any CPU
		{5DF83E4F-08F1-42B6-82B6-3BB0327C9805}.Release|Any CPU.ActiveCfg = Release|Any CPU
		{5DF83E4F-08F1-42B6-82B6-3BB0327C9805}.Release|Any CPU.Build.0 = Release|Any CPU
		{A0DC9F22-DF6B-48A7-9844-73F492C889CE}.Debug|Any CPU.ActiveCfg = Debug|Any CPU
		{A0DC9F22-DF6B-48A7-9844-73F492C889CE}.Debug|Any CPU.Build.0 = Debug|Any CPU
		{A0DC9F22-DF6B-48A7-9844-73F492C889CE}.Release|Any CPU.ActiveCfg = Release|Any CPU
		{A0DC9F22-DF6B-48A7-9844-73F492C889CE}.Release|Any CPU.Build.0 = Release|Any CPU
		{A1CC7AA4-9723-4257-98F4-8F5EE299A818}.Debug|Any CPU.ActiveCfg = Debug|Any CPU
		{A1CC7AA4-9723-4257-98F4-8F5EE299A818}.Debug|Any CPU.Build.0 = Debug|Any CPU
		{A1CC7AA4-9723-4257-98F4-8F5EE299A818}.Release|Any CPU.ActiveCfg = Release|Any CPU
		{A1CC7AA4-9723-4257-98F4-8F5EE299A818}.Release|Any CPU.Build.0 = Release|Any CPU
	EndGlobalSection
	GlobalSection(SolutionProperties) = preSolution
		HideSolutionNode = FALSE
	EndGlobalSection
	GlobalSection(ExtensibilityGlobals) = postSolution
		SolutionGuid = {6BEB4E88-8B7C-41A1-A6AF-C65372FE3851}
	EndGlobalSection
EndGlobal
